<?xml version="1.0" encoding="utf-8"?>
<Project ToolsVersion="4.0" xmlns="http://schemas.microsoft.com/developer/msbuild/2003">
  <ItemGroup>
    <Filter Include="_unsorted">
      <UniqueIdentifier>{4FC737F1-C7A5-4376-A066-2A32D752A2FF}</UniqueIdentifier>
      <Extensions>cpp;c;cc;cxx;def;odl;idl;hpj;bat;asm;asmx;h;hh;hpp;hxx;hm;inl;inc;ipp;xsd;rc;ico;cur;bmp;dlg;rc2;rct;bin;rgs;gif;jpg;jpeg;jpe;resx;tiff;tif;png;wav;mfcribbon-ms</Extensions>
    </Filter>
    <Filter Include="Core">
      <UniqueIdentifier>{89918e2c-6668-48ed-829e-80e90ed82e4d}</UniqueIdentifier>
    </Filter>
    <Filter Include="Architecture">
      <UniqueIdentifier>{d8b6df07-03c4-4ddf-8ed5-4daba09b78c1}</UniqueIdentifier>
    </Filter>
    <Filter Include="Architecture\Application">
      <UniqueIdentifier>{df9a12b5-c476-428e-bf17-fec500338d44}</UniqueIdentifier>
    </Filter>
    <Filter Include="Debug">
      <UniqueIdentifier>{5f6fa58d-22db-41a5-9bde-a2b5ee3c7e42}</UniqueIdentifier>
    </Filter>
    <Filter Include="Debug\Log">
      <UniqueIdentifier>{2e1b9030-2699-4b98-99d9-608e9f9b07b0}</UniqueIdentifier>
    </Filter>
    <Filter Include="Debug\Log\Interfaces">
      <UniqueIdentifier>{4f6bd850-cc37-480b-a95c-3b5568c43334}</UniqueIdentifier>
    </Filter>
    <Filter Include="Debug\Log\Implementations">
      <UniqueIdentifier>{6c3d9230-08ed-4a7e-862a-2189d4e36038}</UniqueIdentifier>
    </Filter>
  </ItemGroup>
  <ItemGroup>
    <ClInclude Include="source\Chilldew-Engine.h" />
    <ClInclude Include="source\Engine\cde_app.h">
      <Filter>Architecture\Application</Filter>
    </ClInclude>
    <ClInclude Include="source\Engine\cde_appstate.h">
      <Filter>Architecture\Application</Filter>
    </ClInclude>
    <ClInclude Include="source\Engine\cde_core.h">
      <Filter>Core</Filter>
    </ClInclude>
    <ClInclude Include="source\Engine\cde_debug.h">
      <Filter>Debug</Filter>
    </ClInclude>
    <ClInclude Include="source\Engine\cde_ilogger.h">
      <Filter>Debug\Log\Interfaces</Filter>
    </ClInclude>
    <ClInclude Include="source\Engine\cde_iloghandler.h">
      <Filter>Debug\Log\Interfaces</Filter>
    </ClInclude>
    <ClInclude Include="source\Engine\cde_log.h">
      <Filter>Debug\Log</Filter>
    </ClInclude>
    <ClInclude Include="source\Engine\cde_logger.h">
      <Filter>Debug\Log\Implementations</Filter>
    </ClInclude>
    <ClInclude Include="source\Engine\cde_loghandler.h">
      <Filter>Debug\Log\Implementations</Filter>
    </ClInclude>
    <ClInclude Include="source\Engine\cde_entrypoint.h">
      <Filter>Core</Filter>
    </ClInclude>
  </ItemGroup>
  <ItemGroup>
    <ClCompile Include="source\Engine\cde_app.cpp">
      <Filter>Architecture\Application</Filter>
    </ClCompile>
    <ClCompile Include="source\Engine\cde_debug.cpp">
      <Filter>Debug</Filter>
    </ClCompile>
    <ClCompile Include="source\Engine\cde_ilogger.cpp">
      <Filter>Debug\Log\Interfaces</Filter>
    </ClCompile>
    <ClCompile Include="source\Engine\cde_log.cpp">
      <Filter>Debug\Log</Filter>
    </ClCompile>
    <ClCompile Include="source\Engine\cde_logger.cpp">
      <Filter>Debug\Log\Implementations</Filter>
    </ClCompile>
    <ClCompile Include="source\Engine\cde_loghandler.cpp">
      <Filter>Debug\Log\Implementations</Filter>
    </ClCompile>
    <ClCompile Include="source\Engine\cde_iloghandler.cpp">
      <Filter>Debug\Log\Interfaces</Filter>
    </ClCompile>
    <ClCompile Include="source\Engine\cde_entrypoint.cpp">
      <Filter>Core</Filter>
    </ClCompile>
  </ItemGroup>
  <ItemGroup>
    <None Include="source\Engine\cde_debug.inl">
      <Filter>Debug</Filter>
    </None>
    <None Include="source\Engine\cde_log.inl">
      <Filter>Debug\Log</Filter>
    </None>
    <None Include="source\Engine\cde_logger.inl">
      <Filter>Debug\Log\Implementations</Filter>
    </None>
  </ItemGroup>
</Project>