<?xml version="1.0" encoding="utf-8"?>
<Project ToolsVersion="4.0" xmlns="http://schemas.microsoft.com/developer/msbuild/2003">
  <ItemGroup>
    <Filter Include="_unsorted">
      <UniqueIdentifier>{4FC737F1-C7A5-4376-A066-2A32D752A2FF}</UniqueIdentifier>
      <Extensions>cpp;c;cc;cxx;def;odl;idl;hpj;bat;asm;asmx</Extensions>
    </Filter>
    <Filter Include="Core">
      <UniqueIdentifier>{81334b54-8dc5-4169-87b5-f443e2ecfb04}</UniqueIdentifier>
    </Filter>
    <Filter Include="Implementations">
      <UniqueIdentifier>{67495639-cf14-4e93-97ad-715897f643b3}</UniqueIdentifier>
    </Filter>
    <Filter Include="Implementations\Singleton">
      <UniqueIdentifier>{d0136d17-c1e4-40c6-97b3-6acb00c5824b}</UniqueIdentifier>
    </Filter>
    <Filter Include="Implementations\Flag">
      <UniqueIdentifier>{d34ef7ff-490a-4957-ac3e-b5cb855eb04b}</UniqueIdentifier>
    </Filter>
    <Filter Include="Implementations\Type">
      <UniqueIdentifier>{516682b9-a315-4020-9b44-299cb5a3d78a}</UniqueIdentifier>
    </Filter>
    <Filter Include="Implementations\Time">
      <UniqueIdentifier>{a6c36c30-3d31-493f-a4fa-cece1fbf0676}</UniqueIdentifier>
    </Filter>
    <Filter Include="Implementations\FileIO">
      <UniqueIdentifier>{45f3e653-f86f-4fa9-b63e-efe8a0fe6052}</UniqueIdentifier>
    </Filter>
  </ItemGroup>
  <ItemGroup>
    <ClInclude Include="source\Chilldew-Utility.h" />
    <ClInclude Include="source\Utility\cdu_core.h">
      <Filter>Core</Filter>
    </ClInclude>
    <ClInclude Include="source\Utility\cdu_flag.h">
      <Filter>Implementations\Flag</Filter>
    </ClInclude>
    <ClInclude Include="source\Utility\cdu_metafunctions.h">
      <Filter>Implementations</Filter>
    </ClInclude>
    <ClInclude Include="source\Utility\cdu_pch.h">
      <Filter>Core</Filter>
    </ClInclude>
    <ClInclude Include="source\Utility\cdu_singleton.h">
      <Filter>Implementations\Singleton</Filter>
    </ClInclude>
    <ClInclude Include="source\Utility\cdu_type.h">
      <Filter>Implementations\Type</Filter>
    </ClInclude>
    <ClInclude Include="source\Utility\cdu_time.h">
      <Filter>Implementations\Time</Filter>
    </ClInclude>
    <ClInclude Include="source\Utility\cdu_filesystem.h">
      <Filter>Implementations\FileIO</Filter>
    </ClInclude>
  </ItemGroup>
  <ItemGroup>
    <None Include="source\Utility\cdu_flag.inl">
      <Filter>Implementations\Flag</Filter>
    </None>
    <None Include="source\Utility\cdu_singleton.inl">
      <Filter>Implementations\Singleton</Filter>
    </None>
  </ItemGroup>
  <ItemGroup>
    <ClCompile Include="source\Utility\cdu_pch.cpp">
      <Filter>Core</Filter>
    </ClCompile>
    <ClCompile Include="source\Utility\cdu_time.cpp">
      <Filter>Implementations\Time</Filter>
    </ClCompile>
    <ClCompile Include="source\Utility\cdu_filesystem.cpp">
      <Filter>Implementations\FileIO</Filter>
    </ClCompile>
    <ClCompile Include="source\Utility\cdu_type.cpp">
      <Filter>Implementations\Type</Filter>
    </ClCompile>
  </ItemGroup>
</Project>