<?xml version="1.0" encoding="utf-8"?>
<Project ToolsVersion="4.0" xmlns="http://schemas.microsoft.com/developer/msbuild/2003">
  <ItemGroup>
    <Filter Include="_unsorted">
      <UniqueIdentifier>{4FC737F1-C7A5-4376-A066-2A32D752A2FF}</UniqueIdentifier>
      <Extensions>cpp;c;cc;cxx;def;odl;idl;hpj;bat;asm;asmx;h;hh;hpp;hxx;hm;inl;inc;ipp;xsd;rc;ico;cur;bmp;dlg;rc2;rct;bin;rgs;gif;jpg;jpeg;jpe;resx;tiff;tif;png;wav;mfcribbon-ms</Extensions>
    </Filter>
    <Filter Include="Core">
      <UniqueIdentifier>{8616723c-53ee-4003-a741-14c0ce4277ae}</UniqueIdentifier>
    </Filter>
    <Filter Include="Performace">
      <UniqueIdentifier>{6ebfa534-6783-48d9-9620-78036390c9d8}</UniqueIdentifier>
    </Filter>
    <Filter Include="Math">
      <UniqueIdentifier>{59a2045a-9aa1-4e92-ac26-749964942781}</UniqueIdentifier>
    </Filter>
  </ItemGroup>
  <ItemGroup>
    <ClInclude Include="source\ut_performance.h">
      <Filter>Performace</Filter>
    </ClInclude>
    <ClInclude Include="source\ut_math.h">
      <Filter>Math</Filter>
    </ClInclude>
    <ClInclude Include="source\ut_core.h">
      <Filter>Core</Filter>
    </ClInclude>
    <ClInclude Include="source\ut_driver.h">
      <Filter>Core</Filter>
    </ClInclude>
  </ItemGroup>
  <ItemGroup>
    <None Include="source\ut_math.inl">
      <Filter>Math</Filter>
    </None>
  </ItemGroup>
  <ItemGroup>
    <ClCompile Include="source\ut_driver.cpp">
      <Filter>Core</Filter>
    </ClCompile>
    <ClCompile Include="source\ut_performance.cpp">
      <Filter>Performace</Filter>
    </ClCompile>
  </ItemGroup>
</Project>