<?xml version="1.0" encoding="utf-8"?>
<Project ToolsVersion="4.0" xmlns="http://schemas.microsoft.com/developer/msbuild/2003">
  <ItemGroup>
    <Filter Include="_unsorted">
      <UniqueIdentifier>{4FC737F1-C7A5-4376-A066-2A32D752A2FF}</UniqueIdentifier>
      <Extensions>cpp;c;cc;cxx;def;odl;idl;hpj;bat;asm;asmx;h;hh;hpp;hxx;hm;inl;inc;ipp;xsd;rc;ico;cur;bmp;dlg;rc2;rct;bin;rgs;gif;jpg;jpeg;jpe;resx;tiff;tif;png;wav;mfcribbon-ms</Extensions>
    </Filter>
    <Filter Include="Core">
      <UniqueIdentifier>{89918e2c-6668-48ed-829e-80e90ed82e4d}</UniqueIdentifier>
    </Filter>
    <Filter Include="Architecture">
      <UniqueIdentifier>{d8b6df07-03c4-4ddf-8ed5-4daba09b78c1}</UniqueIdentifier>
    </Filter>
    <Filter Include="Architecture\Application">
      <UniqueIdentifier>{df9a12b5-c476-428e-bf17-fec500338d44}</UniqueIdentifier>
    </Filter>
    <Filter Include="Utility">
      <UniqueIdentifier>{6131209d-e4a2-4ed6-9166-d8396af59759}</UniqueIdentifier>
    </Filter>
    <Filter Include="Utility\Debug">
      <UniqueIdentifier>{5f6fa58d-22db-41a5-9bde-a2b5ee3c7e42}</UniqueIdentifier>
    </Filter>
    <Filter Include="Utility\Log">
      <UniqueIdentifier>{2e1b9030-2699-4b98-99d9-608e9f9b07b0}</UniqueIdentifier>
    </Filter>
    <Filter Include="Utility\Log\Interfaces">
      <UniqueIdentifier>{4f6bd850-cc37-480b-a95c-3b5568c43334}</UniqueIdentifier>
    </Filter>
    <Filter Include="Utility\Log\Implementations">
      <UniqueIdentifier>{6c3d9230-08ed-4a7e-862a-2189d4e36038}</UniqueIdentifier>
    </Filter>
    <Filter Include="Data">
      <UniqueIdentifier>{9eb1120c-4aaa-4a4a-9aab-381721bfd61b}</UniqueIdentifier>
    </Filter>
    <Filter Include="Data\Math">
      <UniqueIdentifier>{11d76ac1-97e3-4c2e-b435-686a06085ef5}</UniqueIdentifier>
    </Filter>
    <Filter Include="Data\Math\Data">
      <UniqueIdentifier>{a802fcf7-d231-4c57-be10-b842b4aa4579}</UniqueIdentifier>
    </Filter>
    <Filter Include="Utility\Flag">
      <UniqueIdentifier>{2ede36d1-969f-4cfe-9b47-b0148f923fcf}</UniqueIdentifier>
    </Filter>
    <Filter Include="Utility\Singleton">
      <UniqueIdentifier>{096b5104-4f5a-4c36-9ccd-a8b7a15c3ce3}</UniqueIdentifier>
    </Filter>
    <Filter Include="Data\Math\Data\Angles">
      <UniqueIdentifier>{6719b579-1574-4a5e-a509-a45c960a2166}</UniqueIdentifier>
    </Filter>
    <Filter Include="Data\Math\Data\Vector">
      <UniqueIdentifier>{dfc48e2a-6844-48db-9b10-859fb0e31e98}</UniqueIdentifier>
    </Filter>
  </ItemGroup>
  <ItemGroup>
    <ClInclude Include="source\GTE\GTE_AppState.h">
      <Filter>Architecture\Application</Filter>
    </ClInclude>
    <ClInclude Include="source\GTE\GTE_Application.h">
      <Filter>Architecture\Application</Filter>
    </ClInclude>
    <ClInclude Include="source\GTE\GTE_Core.h">
      <Filter>Core</Filter>
    </ClInclude>
    <ClInclude Include="source\GTE\GTE_EntryPoint.h">
      <Filter>Core</Filter>
    </ClInclude>
    <ClInclude Include="source\GTE\GTE_pch.h">
      <Filter>Core</Filter>
    </ClInclude>
    <ClInclude Include="source\GTE\GTE_Debug.h">
      <Filter>Utility\Debug</Filter>
    </ClInclude>
    <ClInclude Include="source\GTE\GTE_MetaFunctions.h">
      <Filter>Utility</Filter>
    </ClInclude>
    <ClInclude Include="source\GTE\GTE_ILogger.h">
      <Filter>Utility\Log\Interfaces</Filter>
    </ClInclude>
    <ClInclude Include="source\GTE\GTE_ILogHandler.h">
      <Filter>Utility\Log\Interfaces</Filter>
    </ClInclude>
    <ClInclude Include="source\GTE\GTE_Log.h">
      <Filter>Utility\Log</Filter>
    </ClInclude>
    <ClInclude Include="source\GTE\GTE_Logger.h">
      <Filter>Utility\Log\Implementations</Filter>
    </ClInclude>
    <ClInclude Include="source\GTE\GTE_LogHandler.h">
      <Filter>Utility\Log\Implementations</Filter>
    </ClInclude>
    <ClInclude Include="source\GTEngine.h" />
    <ClInclude Include="source\GTE\GTE_Math.h">
      <Filter>Data\Math</Filter>
    </ClInclude>
    <ClInclude Include="source\GTE\GTE_Flag.h">
      <Filter>Utility\Flag</Filter>
    </ClInclude>
    <ClInclude Include="source\GTE\GTE_Singleton.h">
      <Filter>Utility\Singleton</Filter>
    </ClInclude>
    <ClInclude Include="source\GTE\GTE_Degree.h">
      <Filter>Data\Math\Data\Angles</Filter>
    </ClInclude>
    <ClInclude Include="source\GTE\GTE_Radian.h">
      <Filter>Data\Math\Data\Angles</Filter>
    </ClInclude>
    <ClInclude Include="source\GTE\GTE_Vector.h">
      <Filter>Data\Math\Data\Vector</Filter>
    </ClInclude>
  </ItemGroup>
  <ItemGroup>
    <ClCompile Include="source\GTE\GTE_Application.cpp">
      <Filter>Architecture\Application</Filter>
    </ClCompile>
    <ClCompile Include="source\GTE\GTE_Debug.cpp">
      <Filter>Utility\Debug</Filter>
    </ClCompile>
    <ClCompile Include="source\GTE\GTE_ILogger.cpp">
      <Filter>Utility\Log\Interfaces</Filter>
    </ClCompile>
    <ClCompile Include="source\GTE\GTE_Log.cpp">
      <Filter>Utility\Log</Filter>
    </ClCompile>
    <ClCompile Include="source\GTE\GTE_Logger.cpp">
      <Filter>Utility\Log\Implementations</Filter>
    </ClCompile>
    <ClCompile Include="source\GTE\GTE_LogHandler.cpp">
      <Filter>Utility\Log\Implementations</Filter>
    </ClCompile>
    <ClCompile Include="source\GTE\GTE_Math.cpp">
      <Filter>Data\Math</Filter>
    </ClCompile>
    <ClCompile Include="source\GTE\GTE_Degree.cpp">
      <Filter>Data\Math\Data\Angles</Filter>
    </ClCompile>
    <ClCompile Include="source\GTE\GTE_Radian.cpp">
      <Filter>Data\Math\Data\Angles</Filter>
    </ClCompile>
  </ItemGroup>
  <ItemGroup>
    <None Include="source\GTE\GTE_Debug.inl">
      <Filter>Utility\Debug</Filter>
    </None>
    <None Include="source\GTE\GTE_Log.inl">
      <Filter>Utility\Log</Filter>
    </None>
    <None Include="source\GTE\GTE_Logger.inl">
      <Filter>Utility\Log\Implementations</Filter>
    </None>
    <None Include="source\GTE\GTE_Math.inl">
      <Filter>Data\Math</Filter>
    </None>
    <None Include="source\GTE\GTE_Flag.inl">
      <Filter>Utility\Flag</Filter>
    </None>
    <None Include="source\GTE\GTE_Singleton.inl">
      <Filter>Utility\Singleton</Filter>
    </None>
    <None Include="source\GTE\GTE_Degree.inl">
      <Filter>Data\Math\Data\Angles</Filter>
    </None>
    <None Include="source\GTE\GTE_Radian.inl">
      <Filter>Data\Math\Data\Angles</Filter>
    </None>
    <None Include="source\GTE\GTE_Vector.inl">
      <Filter>Data\Math\Data\Vector</Filter>
    </None>
  </ItemGroup>
</Project>